// !$*UTF8*$!
{
	archiveVersion = 1;
	classes = {
	};
	objectVersion = 56;
	objects = {

/* Begin PBXBuildFile section */
		8ACEB0E729AA0AC30098DA82 /* AppStoreRecreateApp.swift in Sources */ = {isa = PBXBuildFile; fileRef = 8ACEB0E629AA0AC30098DA82 /* AppStoreRecreateApp.swift */; };
		8ACEB0E929AA0AC30098DA82 /* ContentView.swift in Sources */ = {isa = PBXBuildFile; fileRef = 8ACEB0E829AA0AC30098DA82 /* ContentView.swift */; };
		8ACEB0EB29AA0AC60098DA82 /* Assets.xcassets in Resources */ = {isa = PBXBuildFile; fileRef = 8ACEB0EA29AA0AC60098DA82 /* Assets.xcassets */; };
		8ACEB0EE29AA0AC60098DA82 /* Preview Assets.xcassets in Resources */ = {isa = PBXBuildFile; fileRef = 8ACEB0ED29AA0AC60098DA82 /* Preview Assets.xcassets */; };
		8ACEB0F829AA0AC60098DA82 /* AppStoreRecreateTests.swift in Sources */ = {isa = PBXBuildFile; fileRef = 8ACEB0F729AA0AC60098DA82 /* AppStoreRecreateTests.swift */; };
		8ACEB10229AA0AC60098DA82 /* AppStoreRecreateUITests.swift in Sources */ = {isa = PBXBuildFile; fileRef = 8ACEB10129AA0AC60098DA82 /* AppStoreRecreateUITests.swift */; };
		8ACEB10429AA0AC60098DA82 /* AppStoreRecreateUITestsLaunchTests.swift in Sources */ = {isa = PBXBuildFile; fileRef = 8ACEB10329AA0AC60098DA82 /* AppStoreRecreateUITestsLaunchTests.swift */; };
/* End PBXBuildFile section */

/* Begin PBXContainerItemProxy section */
		8ACEB0F429AA0AC60098DA82 /* PBXContainerItemProxy */ = {
			isa = PBXContainerItemProxy;
			containerPortal = 8ACEB0DB29AA0AC30098DA82 /* Project object */;
			proxyType = 1;
			remoteGlobalIDString = 8ACEB0E229AA0AC30098DA82;
			remoteInfo = AppStoreRecreate;
		};
		8ACEB0FE29AA0AC60098DA82 /* PBXContainerItemProxy */ = {
			isa = PBXContainerItemProxy;
			containerPortal = 8ACEB0DB29AA0AC30098DA82 /* Project object */;
			proxyType = 1;
			remoteGlobalIDString = 8ACEB0E229AA0AC30098DA82;
			remoteInfo = AppStoreRecreate;
		};
/* End PBXContainerItemProxy section */

/* Begin PBXFileReference section */
		8ACEB0E329AA0AC30098DA82 /* AppStoreRecreate.app */ = {isa = PBXFileReference; explicitFileType = wrapper.application; includeInIndex = 0; path = AppStoreRecreate.app; sourceTree = BUILT_PRODUCTS_DIR; };
		8ACEB0E629AA0AC30098DA82 /* AppStoreRecreateApp.swift */ = {isa = PBXFileReference; lastKnownFileType = sourcecode.swift; path = AppStoreRecreateApp.swift; sourceTree = "<group>"; };
		8ACEB0E829AA0AC30098DA82 /* ContentView.swift */ = {isa = PBXFileReference; lastKnownFileType = sourcecode.swift; path = ContentView.swift; sourceTree = "<group>"; };
		8ACEB0EA29AA0AC60098DA82 /* Assets.xcassets */ = {isa = PBXFileReference; lastKnownFileType = folder.assetcatalog; path = Assets.xcassets; sourceTree = "<group>"; };
		8ACEB0ED29AA0AC60098DA82 /* Preview Assets.xcassets */ = {isa = PBXFileReference; lastKnownFileType = folder.assetcatalog; path = "Preview Assets.xcassets"; sourceTree = "<group>"; };
		8ACEB0F329AA0AC60098DA82 /* AppStoreRecreateTests.xctest */ = {isa = PBXFileReference; explicitFileType = wrapper.cfbundle; includeInIndex = 0; path = AppStoreRecreateTests.xctest; sourceTree = BUILT_PRODUCTS_DIR; };
		8ACEB0F729AA0AC60098DA82 /* AppStoreRecreateTests.swift */ = {isa = PBXFileReference; lastKnownFileType = sourcecode.swift; path = AppStoreRecreateTests.swift; sourceTree = "<group>"; };
		8ACEB0FD29AA0AC60098DA82 /* AppStoreRecreateUITests.xctest */ = {isa = PBXFileReference; explicitFileType = wrapper.cfbundle; includeInIndex = 0; path = AppStoreRecreateUITests.xctest; sourceTree = BUILT_PRODUCTS_DIR; };
		8ACEB10129AA0AC60098DA82 /* AppStoreRecreateUITests.swift */ = {isa = PBXFileReference; lastKnownFileType = sourcecode.swift; path = AppStoreRecreateUITests.swift; sourceTree = "<group>"; };
		8ACEB10329AA0AC60098DA82 /* AppStoreRecreateUITestsLaunchTests.swift */ = {isa = PBXFileReference; lastKnownFileType = sourcecode.swift; path = AppStoreRecreateUITestsLaunchTests.swift; sourceTree = "<group>"; };
/* End PBXFileReference section */

/* Begin PBXFrameworksBuildPhase section */
		8ACEB0E029AA0AC30098DA82 /* Frameworks */ = {
			isa = PBXFrameworksBuildPhase;
			buildActionMask = 2147483647;
			files = (
			);
			runOnlyForDeploymentPostprocessing = 0;
		};
		8ACEB0F029AA0AC60098DA82 /* Frameworks */ = {
			isa = PBXFrameworksBuildPhase;
			buildActionMask = 2147483647;
			files = (
			);
			runOnlyForDeploymentPostprocessing = 0;
		};
		8ACEB0FA29AA0AC60098DA82 /* Frameworks */ = {
			isa = PBXFrameworksBuildPhase;
			buildActionMask = 2147483647;
			files = (
			);
			runOnlyForDeploymentPostprocessing = 0;
		};
/* End PBXFrameworksBuildPhase section */

/* Begin PBXGroup section */
		8ACEB0DA29AA0AC30098DA82 = {
			isa = PBXGroup;
			children = (
				8ACEB0E529AA0AC30098DA82 /* AppStoreRecreate */,
				8ACEB0F629AA0AC60098DA82 /* AppStoreRecreateTests */,
				8ACEB10029AA0AC60098DA82 /* AppStoreRecreateUITests */,
				8ACEB0E429AA0AC30098DA82 /* Products */,
			);
			sourceTree = "<group>";
		};
		8ACEB0E429AA0AC30098DA82 /* Products */ = {
			isa = PBXGroup;
			children = (
				8ACEB0E329AA0AC30098DA82 /* AppStoreRecreate.app */,
				8ACEB0F329AA0AC60098DA82 /* AppStoreRecreateTests.xctest */,
				8ACEB0FD29AA0AC60098DA82 /* AppStoreRecreateUITests.xctest */,
			);
			name = Products;
			sourceTree = "<group>";
		};
		8ACEB0E529AA0AC30098DA82 /* AppStoreRecreate */ = {
			isa = PBXGroup;
			children = (
				8ACEB0E629AA0AC30098DA82 /* AppStoreRecreateApp.swift */,
				8ACEB0E829AA0AC30098DA82 /* ContentView.swift */,
				8ACEB0EA29AA0AC60098DA82 /* Assets.xcassets */,
				8ACEB0EC29AA0AC60098DA82 /* Preview Content */,
			);
			path = AppStoreRecreate;
			sourceTree = "<group>";
		};
		8ACEB0EC29AA0AC60098DA82 /* Preview Content */ = {
			isa = PBXGroup;
			children = (
				8ACEB0ED29AA0AC60098DA82 /* Preview Assets.xcassets */,
			);
			path = "Preview Content";
			sourceTree = "<group>";
		};
		8ACEB0F629AA0AC60098DA82 /* AppStoreRecreateTests */ = {
			isa = PBXGroup;
			children = (
				8ACEB0F729AA0AC60098DA82 /* AppStoreRecreateTests.swift */,
			);
			path = AppStoreRecreateTests;
			sourceTree = "<group>";
		};
		8ACEB10029AA0AC60098DA82 /* AppStoreRecreateUITests */ = {
			isa = PBXGroup;
			children = (
				8ACEB10129AA0AC60098DA82 /* AppStoreRecreateUITests.swift */,
				8ACEB10329AA0AC60098DA82 /* AppStoreRecreateUITestsLaunchTests.swift */,
			);
			path = AppStoreRecreateUITests;
			sourceTree = "<group>";
		};
/* End PBXGroup section */

/* Begin PBXNativeTarget section */
		8ACEB0E229AA0AC30098DA82 /* AppStoreRecreate */ = {
			isa = PBXNativeTarget;
			buildConfigurationList = 8ACEB10729AA0AC60098DA82 /* Build configuration list for PBXNativeTarget "AppStoreRecreate" */;
			buildPhases = (
				8ACEB0DF29AA0AC30098DA82 /* Sources */,
				8ACEB0E029AA0AC30098DA82 /* Frameworks */,
				8ACEB0E129AA0AC30098DA82 /* Resources */,
			);
			buildRules = (
			);
			dependencies = (
			);
			name = AppStoreRecreate;
			productName = AppStoreRecreate;
			productReference = 8ACEB0E329AA0AC30098DA82 /* AppStoreRecreate.app */;
			productType = "com.apple.product-type.application";
		};
		8ACEB0F229AA0AC60098DA82 /* AppStoreRecreateTests */ = {
			isa = PBXNativeTarget;
			buildConfigurationList = 8ACEB10A29AA0AC60098DA82 /* Build configuration list for PBXNativeTarget "AppStoreRecreateTests" */;
			buildPhases = (
				8ACEB0EF29AA0AC60098DA82 /* Sources */,
				8ACEB0F029AA0AC60098DA82 /* Frameworks */,
				8ACEB0F129AA0AC60098DA82 /* Resources */,
			);
			buildRules = (
			);
			dependencies = (
				8ACEB0F529AA0AC60098DA82 /* PBXTargetDependency */,
			);
			name = AppStoreRecreateTests;
			productName = AppStoreRecreateTests;
			productReference = 8ACEB0F329AA0AC60098DA82 /* AppStoreRecreateTests.xctest */;
			productType = "com.apple.product-type.bundle.unit-test";
		};
		8ACEB0FC29AA0AC60098DA82 /* AppStoreRecreateUITests */ = {
			isa = PBXNativeTarget;
			buildConfigurationList = 8ACEB10D29AA0AC60098DA82 /* Build configuration list for PBXNativeTarget "AppStoreRecreateUITests" */;
			buildPhases = (
				8ACEB0F929AA0AC60098DA82 /* Sources */,
				8ACEB0FA29AA0AC60098DA82 /* Frameworks */,
				8ACEB0FB29AA0AC60098DA82 /* Resources */,
			);
			buildRules = (
			);
			dependencies = (
				8ACEB0FF29AA0AC60098DA82 /* PBXTargetDependency */,
			);
			name = AppStoreRecreateUITests;
			productName = AppStoreRecreateUITests;
			productReference = 8ACEB0FD29AA0AC60098DA82 /* AppStoreRecreateUITests.xctest */;
			productType = "com.apple.product-type.bundle.ui-testing";
		};
/* End PBXNativeTarget section */

/* Begin PBXProject section */
		8ACEB0DB29AA0AC30098DA82 /* Project object */ = {
			isa = PBXProject;
			attributes = {
				BuildIndependentTargetsInParallel = 1;
				LastSwiftUpdateCheck = 1420;
				LastUpgradeCheck = 1420;
				TargetAttributes = {
					8ACEB0E229AA0AC30098DA82 = {
						CreatedOnToolsVersion = 14.2;
					};
					8ACEB0F229AA0AC60098DA82 = {
						CreatedOnToolsVersion = 14.2;
						TestTargetID = 8ACEB0E229AA0AC30098DA82;
					};
					8ACEB0FC29AA0AC60098DA82 = {
						CreatedOnToolsVersion = 14.2;
						TestTargetID = 8ACEB0E229AA0AC30098DA82;
					};
				};
			};
			buildConfigurationList = 8ACEB0DE29AA0AC30098DA82 /* Build configuration list for PBXProject "AppStoreRecreate" */;
			compatibilityVersion = "Xcode 14.0";
			developmentRegion = en;
			hasScannedForEncodings = 0;
			knownRegions = (
				en,
				Base,
			);
			mainGroup = 8ACEB0DA29AA0AC30098DA82;
			productRefGroup = 8ACEB0E429AA0AC30098DA82 /* Products */;
			projectDirPath = "";
			projectRoot = "";
			targets = (
				8ACEB0E229AA0AC30098DA82 /* AppStoreRecreate */,
				8ACEB0F229AA0AC60098DA82 /* AppStoreRecreateTests */,
				8ACEB0FC29AA0AC60098DA82 /* AppStoreRecreateUITests */,
			);
		};
/* End PBXProject section */

/* Begin PBXResourcesBuildPhase section */
		8ACEB0E129AA0AC30098DA82 /* Resources */ = {
			isa = PBXResourcesBuildPhase;
			buildActionMask = 2147483647;
			files = (
				8ACEB0EE29AA0AC60098DA82 /* Preview Assets.xcassets in Resources */,
				8ACEB0EB29AA0AC60098DA82 /* Assets.xcassets in Resources */,
			);
			runOnlyForDeploymentPostprocessing = 0;
		};
		8ACEB0F129AA0AC60098DA82 /* Resources */ = {
			isa = PBXResourcesBuildPhase;
			buildActionMask = 2147483647;
			files = (
			);
			runOnlyForDeploymentPostprocessing = 0;
		};
		8ACEB0FB29AA0AC60098DA82 /* Resources */ = {
			isa = PBXResourcesBuildPhase;
			buildActionMask = 2147483647;
			files = (
			);
			runOnlyForDeploymentPostprocessing = 0;
		};
/* End PBXResourcesBuildPhase section */

/* Begin PBXSourcesBuildPhase section */
		8ACEB0DF29AA0AC30098DA82 /* Sources */ = {
			isa = PBXSourcesBuildPhase;
			buildActionMask = 2147483647;
			files = (
				8ACEB0E929AA0AC30098DA82 /* ContentView.swift in Sources */,
				8ACEB0E729AA0AC30098DA82 /* AppStoreRecreateApp.swift in Sources */,
			);
			runOnlyForDeploymentPostprocessing = 0;
		};
		8ACEB0EF29AA0AC60098DA82 /* Sources */ = {
			isa = PBXSourcesBuildPhase;
			buildActionMask = 2147483647;
			files = (
				8ACEB0F829AA0AC60098DA82 /* AppStoreRecreateTests.swift in Sources */,
			);
			runOnlyForDeploymentPostprocessing = 0;
		};
		8ACEB0F929AA0AC60098DA82 /* Sources */ = {
			isa = PBXSourcesBuildPhase;
			buildActionMask = 2147483647;
			files = (
				8ACEB10229AA0AC60098DA82 /* AppStoreRecreateUITests.swift in Sources */,
				8ACEB10429AA0AC60098DA82 /* AppStoreRecreateUITestsLaunchTests.swift in Sources */,
			);
			runOnlyForDeploymentPostprocessing = 0;
		};
/* End PBXSourcesBuildPhase section */

/* Begin PBXTargetDependency section */
		8ACEB0F529AA0AC60098DA82 /* PBXTargetDependency */ = {
			isa = PBXTargetDependency;
			target = 8ACEB0E229AA0AC30098DA82 /* AppStoreRecreate */;
			targetProxy = 8ACEB0F429AA0AC60098DA82 /* PBXContainerItemProxy */;
		};
		8ACEB0FF29AA0AC60098DA82 /* PBXTargetDependency */ = {
			isa = PBXTargetDependency;
			target = 8ACEB0E229AA0AC30098DA82 /* AppStoreRecreate */;
			targetProxy = 8ACEB0FE29AA0AC60098DA82 /* PBXContainerItemProxy */;
		};
/* End PBXTargetDependency section */

/* Begin XCBuildConfiguration section */
		8ACEB10529AA0AC60098DA82 /* Debug */ = {
			isa = XCBuildConfiguration;
			buildSettings = {
				ALWAYS_SEARCH_USER_PATHS = NO;
				CLANG_ANALYZER_NONNULL = YES;
				CLANG_ANALYZER_NUMBER_OBJECT_CONVERSION = YES_AGGRESSIVE;
				CLANG_CXX_LANGUAGE_STANDARD = "gnu++20";
				CLANG_ENABLE_MODULES = YES;
				CLANG_ENABLE_OBJC_ARC = YES;
				CLANG_ENABLE_OBJC_WEAK = YES;
				CLANG_WARN_BLOCK_CAPTURE_AUTORELEASING = YES;
				CLANG_WARN_BOOL_CONVERSION = YES;
				CLANG_WARN_COMMA = YES;
				CLANG_WARN_CONSTANT_CONVERSION = YES;
				CLANG_WARN_DEPRECATED_OBJC_IMPLEMENTATIONS = YES;
				CLANG_WARN_DIRECT_OBJC_ISA_USAGE = YES_ERROR;
				CLANG_WARN_DOCUMENTATION_COMMENTS = YES;
				CLANG_WARN_EMPTY_BODY = YES;
				CLANG_WARN_ENUM_CONVERSION = YES;
				CLANG_WARN_INFINITE_RECURSION = YES;
				CLANG_WARN_INT_CONVERSION = YES;
				CLANG_WARN_NON_LITERAL_NULL_CONVERSION = YES;
				CLANG_WARN_OBJC_IMPLICIT_RETAIN_SELF = YES;
				CLANG_WARN_OBJC_LITERAL_CONVERSION = YES;
				CLANG_WARN_OBJC_ROOT_CLASS = YES_ERROR;
				CLANG_WARN_QUOTED_INCLUDE_IN_FRAMEWORK_HEADER = YES;
				CLANG_WARN_RANGE_LOOP_ANALYSIS = YES;
				CLANG_WARN_STRICT_PROTOTYPES = YES;
				CLANG_WARN_SUSPICIOUS_MOVE = YES;
				CLANG_WARN_UNGUARDED_AVAILABILITY = YES_AGGRESSIVE;
				CLANG_WARN_UNREACHABLE_CODE = YES;
				CLANG_WARN__DUPLICATE_METHOD_MATCH = YES;
				COPY_PHASE_STRIP = NO;
				DEBUG_INFORMATION_FORMAT = dwarf;
				ENABLE_STRICT_OBJC_MSGSEND = YES;
				ENABLE_TESTABILITY = YES;
				GCC_C_LANGUAGE_STANDARD = gnu11;
				GCC_DYNAMIC_NO_PIC = NO;
				GCC_NO_COMMON_BLOCKS = YES;
				GCC_OPTIMIZATION_LEVEL = 0;
				GCC_PREPROCESSOR_DEFINITIONS = (
					"DEBUG=1",
					"$(inherited)",
				);
				GCC_WARN_64_TO_32_BIT_CONVERSION = YES;
				GCC_WARN_ABOUT_RETURN_TYPE = YES_ERROR;
				GCC_WARN_UNDECLARED_SELECTOR = YES;
				GCC_WARN_UNINITIALIZED_AUTOS = YES_AGGRESSIVE;
				GCC_WARN_UNUSED_FUNCTION = YES;
				GCC_WARN_UNUSED_VARIABLE = YES;
				IPHONEOS_DEPLOYMENT_TARGET = 16.2;
				MTL_ENABLE_DEBUG_INFO = INCLUDE_SOURCE;
				MTL_FAST_MATH = YES;
				ONLY_ACTIVE_ARCH = YES;
				SDKROOT = iphoneos;
				SWIFT_ACTIVE_COMPILATION_CONDITIONS = DEBUG;
				SWIFT_OPTIMIZATION_LEVEL = "-Onone";
			};
			name = Debug;
		};
		8ACEB10629AA0AC60098DA82 /* Release */ = {
			isa = XCBuildConfiguration;
			buildSettings = {
				ALWAYS_SEARCH_USER_PATHS = NO;
				CLANG_ANALYZER_NONNULL = YES;
				CLANG_ANALYZER_NUMBER_OBJECT_CONVERSION = YES_AGGRESSIVE;
				CLANG_CXX_LANGUAGE_STANDARD = "gnu++20";
				CLANG_ENABLE_MODULES = YES;
				CLANG_ENABLE_OBJC_ARC = YES;
				CLANG_ENABLE_OBJC_WEAK = YES;
				CLANG_WARN_BLOCK_CAPTURE_AUTORELEASING = YES;
				CLANG_WARN_BOOL_CONVERSION = YES;
				CLANG_WARN_COMMA = YES;
				CLANG_WARN_CONSTANT_CONVERSION = YES;
				CLANG_WARN_DEPRECATED_OBJC_IMPLEMENTATIONS = YES;
				CLANG_WARN_DIRECT_OBJC_ISA_USAGE = YES_ERROR;
				CLANG_WARN_DOCUMENTATION_COMMENTS = YES;
				CLANG_WARN_EMPTY_BODY = YES;
				CLANG_WARN_ENUM_CONVERSION = YES;
				CLANG_WARN_INFINITE_RECURSION = YES;
				CLANG_WARN_INT_CONVERSION = YES;
				CLANG_WARN_NON_LITERAL_NULL_CONVERSION = YES;
				CLANG_WARN_OBJC_IMPLICIT_RETAIN_SELF = YES;
				CLANG_WARN_OBJC_LITERAL_CONVERSION = YES;
				CLANG_WARN_OBJC_ROOT_CLASS = YES_ERROR;
				CLANG_WARN_QUOTED_INCLUDE_IN_FRAMEWORK_HEADER = YES;
				CLANG_WARN_RANGE_LOOP_ANALYSIS = YES;
				CLANG_WARN_STRICT_PROTOTYPES = YES;
				CLANG_WARN_SUSPICIOUS_MOVE = YES;
				CLANG_WARN_UNGUARDED_AVAILABILITY = YES_AGGRESSIVE;
				CLANG_WARN_UNREACHABLE_CODE = YES;
				CLANG_WARN__DUPLICATE_METHOD_MATCH = YES;
				COPY_PHASE_STRIP = NO;
				DEBUG_INFORMATION_FORMAT = "dwarf-with-dsym";
				ENABLE_NS_ASSERTIONS = NO;
				ENABLE_STRICT_OBJC_MSGSEND = YES;
				GCC_C_LANGUAGE_STANDARD = gnu11;
				GCC_NO_COMMON_BLOCKS = YES;
				GCC_WARN_64_TO_32_BIT_CONVERSION = YES;
				GCC_WARN_ABOUT_RETURN_TYPE = YES_ERROR;
				GCC_WARN_UNDECLARED_SELECTOR = YES;
				GCC_WARN_UNINITIALIZED_AUTOS = YES_AGGRESSIVE;
				GCC_WARN_UNUSED_FUNCTION = YES;
				GCC_WARN_UNUSED_VARIABLE = YES;
				IPHONEOS_DEPLOYMENT_TARGET = 16.2;
				MTL_ENABLE_DEBUG_INFO = NO;
				MTL_FAST_MATH = YES;
				SDKROOT = iphoneos;
				SWIFT_COMPILATION_MODE = wholemodule;
				SWIFT_OPTIMIZATION_LEVEL = "-O";
				VALIDATE_PRODUCT = YES;
			};
			name = Release;
		};
		8ACEB10829AA0AC60098DA82 /* Debug */ = {
			isa = XCBuildConfiguration;
			buildSettings = {
				ASSETCATALOG_COMPILER_APPICON_NAME = AppIcon;
				ASSETCATALOG_COMPILER_GLOBAL_ACCENT_COLOR_NAME = AccentColor;
				CODE_SIGN_STYLE = Automatic;
				CURRENT_PROJECT_VERSION = 1;
				DEVELOPMENT_ASSET_PATHS = "\"AppStoreRecreate/Preview Content\"";
				DEVELOPMENT_TEAM = 295MRTHJ62;
				ENABLE_PREVIEWS = YES;
				GENERATE_INFOPLIST_FILE = YES;
				INFOPLIST_KEY_UIApplicationSceneManifest_Generation = YES;
				INFOPLIST_KEY_UIApplicationSupportsIndirectInputEvents = YES;
				INFOPLIST_KEY_UILaunchScreen_Generation = YES;
				INFOPLIST_KEY_UISupportedInterfaceOrientations_iPad = "UIInterfaceOrientationPortrait UIInterfaceOrientationPortraitUpsideDown UIInterfaceOrientationLandscapeLeft UIInterfaceOrientationLandscapeRight";
				INFOPLIST_KEY_UISupportedInterfaceOrientations_iPhone = "UIInterfaceOrientationPortrait UIInterfaceOrientationLandscapeLeft UIInterfaceOrientationLandscapeRight";
				LD_RUNPATH_SEARCH_PATHS = (
					"$(inherited)",
					"@executable_path/Frameworks",
				);
				MARKETING_VERSION = 1.0;
				PRODUCT_BUNDLE_IDENTIFIER = com.mk.AppStoreRecreate;
				PRODUCT_NAME = "$(TARGET_NAME)";
				SWIFT_EMIT_LOC_STRINGS = YES;
				SWIFT_VERSION = 5.0;
				TARGETED_DEVICE_FAMILY = "1,2";
			};
			name = Debug;
		};
		8ACEB10929AA0AC60098DA82 /* Release */ = {
			isa = XCBuildConfiguration;
			buildSettings = {
				ASSETCATALOG_COMPILER_APPICON_NAME = AppIcon;
				ASSETCATALOG_COMPILER_GLOBAL_ACCENT_COLOR_NAME = AccentColor;
				CODE_SIGN_STYLE = Automatic;
				CURRENT_PROJECT_VERSION = 1;
				DEVELOPMENT_ASSET_PATHS = "\"AppStoreRecreate/Preview Content\"";
				DEVELOPMENT_TEAM = 295MRTHJ62;
				ENABLE_PREVIEWS = YES;
				GENERATE_INFOPLIST_FILE = YES;
				INFOPLIST_KEY_UIApplicationSceneManifest_Generation = YES;
				INFOPLIST_KEY_UIApplicationSupportsIndirectInputEvents = YES;
				INFOPLIST_KEY_UILaunchScreen_Generation = YES;
				INFOPLIST_KEY_UISupportedInterfaceOrientations_iPad = "UIInterfaceOrientationPortrait UIInterfaceOrientationPortraitUpsideDown UIInterfaceOrientationLandscapeLeft UIInterfaceOrientationLandscapeRight";
				INFOPLIST_KEY_UISupportedInterfaceOrientations_iPhone = "UIInterfaceOrientationPortrait UIInterfaceOrientationLandscapeLeft UIInterfaceOrientationLandscapeRight";
				LD_RUNPATH_SEARCH_PATHS = (
					"$(inherited)",
					"@executable_path/Frameworks",
				);
				MARKETING_VERSION = 1.0;
				PRODUCT_BUNDLE_IDENTIFIER = com.mk.AppStoreRecreate;
				PRODUCT_NAME = "$(TARGET_NAME)";
				SWIFT_EMIT_LOC_STRINGS = YES;
				SWIFT_VERSION = 5.0;
				TARGETED_DEVICE_FAMILY = "1,2";
			};
			name = Release;
		};
		8ACEB10B29AA0AC60098DA82 /* Debug */ = {
			isa = XCBuildConfiguration;
			buildSettings = {
				ALWAYS_EMBED_SWIFT_STANDARD_LIBRARIES = YES;
				BUNDLE_LOADER = "$(TEST_HOST)";
				CODE_SIGN_STYLE = Automatic;
				CURRENT_PROJECT_VERSION = 1;
				DEVELOPMENT_TEAM = 295MRTHJ62;
				GENERATE_INFOPLIST_FILE = YES;
				IPHONEOS_DEPLOYMENT_TARGET = 16.2;
				MARKETING_VERSION = 1.0;
				PRODUCT_BUNDLE_IDENTIFIER = com.mk.AppStoreRecreateTests;
				PRODUCT_NAME = "$(TARGET_NAME)";
				SWIFT_EMIT_LOC_STRINGS = NO;
				SWIFT_VERSION = 5.0;
				TARGETED_DEVICE_FAMILY = "1,2";
				TEST_HOST = "$(BUILT_PRODUCTS_DIR)/AppStoreRecreate.app/$(BUNDLE_EXECUTABLE_FOLDER_PATH)/AppStoreRecreate";
			};
			name = Debug;
		};
		8ACEB10C29AA0AC60098DA82 /* Release */ = {
			isa = XCBuildConfiguration;
			buildSettings = {
				ALWAYS_EMBED_SWIFT_STANDARD_LIBRARIES = YES;
				BUNDLE_LOADER = "$(TEST_HOST)";
				CODE_SIGN_STYLE = Automatic;
				CURRENT_PROJECT_VERSION = 1;
				DEVELOPMENT_TEAM = 295MRTHJ62;
				GENERATE_INFOPLIST_FILE = YES;
				IPHONEOS_DEPLOYMENT_TARGET = 16.2;
				MARKETING_VERSION = 1.0;
				PRODUCT_BUNDLE_IDENTIFIER = com.mk.AppStoreRecreateTests;
				PRODUCT_NAME = "$(TARGET_NAME)";
				SWIFT_EMIT_LOC_STRINGS = NO;
				SWIFT_VERSION = 5.0;
				TARGETED_DEVICE_FAMILY = "1,2";
				TEST_HOST = "$(BUILT_PRODUCTS_DIR)/AppStoreRecreate.app/$(BUNDLE_EXECUTABLE_FOLDER_PATH)/AppStoreRecreate";
			};
			name = Release;
		};
		8ACEB10E29AA0AC60098DA82 /* Debug */ = {
			isa = XCBuildConfiguration;
			buildSettings = {
				ALWAYS_EMBED_SWIFT_STANDARD_LIBRARIES = YES;
				CODE_SIGN_STYLE = Automatic;
				CURRENT_PROJECT_VERSION = 1;
				DEVELOPMENT_TEAM = 295MRTHJ62;
				GENERATE_INFOPLIST_FILE = YES;
				MARKETING_VERSION = 1.0;
				PRODUCT_BUNDLE_IDENTIFIER = com.mk.AppStoreRecreateUITests;
				PRODUCT_NAME = "$(TARGET_NAME)";
				SWIFT_EMIT_LOC_STRINGS = NO;
				SWIFT_VERSION = 5.0;
				TARGETED_DEVICE_FAMILY = "1,2";
				TEST_TARGET_NAME = AppStoreRecreate;
			};
			name = Debug;
		};
		8ACEB10F29AA0AC60098DA82 /* Release */ = {
			isa = XCBuildConfiguration;
			buildSettings = {
				ALWAYS_EMBED_SWIFT_STANDARD_LIBRARIES = YES;
				CODE_SIGN_STYLE = Automatic;
				CURRENT_PROJECT_VERSION = 1;
				DEVELOPMENT_TEAM = 295MRTHJ62;
				GENERATE_INFOPLIST_FILE = YES;
				MARKETING_VERSION = 1.0;
				PRODUCT_BUNDLE_IDENTIFIER = com.mk.AppStoreRecreateUITests;
				PRODUCT_NAME = "$(TARGET_NAME)";
				SWIFT_EMIT_LOC_STRINGS = NO;
				SWIFT_VERSION = 5.0;
				TARGETED_DEVICE_FAMILY = "1,2";
				TEST_TARGET_NAME = AppStoreRecreate;
			};
			name = Release;
		};
/* End XCBuildConfiguration section */

/* Begin XCConfigurationList section */
		8ACEB0DE29AA0AC30098DA82 /* Build configuration list for PBXProject "AppStoreRecreate" */ = {
			isa = XCConfigurationList;
			buildConfigurations = (
				8ACEB10529AA0AC60098DA82 /* Debug */,
				8ACEB10629AA0AC60098DA82 /* Release */,
			);
			defaultConfigurationIsVisible = 0;
			defaultConfigurationName = Release;
		};
		8ACEB10729AA0AC60098DA82 /* Build configuration list for PBXNativeTarget "AppStoreRecreate" */ = {
			isa = XCConfigurationList;
			buildConfigurations = (
				8ACEB10829AA0AC60098DA82 /* Debug */,
				8ACEB10929AA0AC60098DA82 /* Release */,
			);
			defaultConfigurationIsVisible = 0;
			defaultConfigurationName = Release;
		};
		8ACEB10A29AA0AC60098DA82 /* Build configuration list for PBXNativeTarget "AppStoreRecreateTests" */ = {
			isa = XCConfigurationList;
			buildConfigurations = (
				8ACEB10B29AA0AC60098DA82 /* Debug */,
				8ACEB10C29AA0AC60098DA82 /* Release */,
			);
			defaultConfigurationIsVisible = 0;
			defaultConfigurationName = Release;
		};
		8ACEB10D29AA0AC60098DA82 /* Build configuration list for PBXNativeTarget "AppStoreRecreateUITests" */ = {
			isa = XCConfigurationList;
			buildConfigurations = (
				8ACEB10E29AA0AC60098DA82 /* Debug */,
				8ACEB10F29AA0AC60098DA82 /* Release */,
			);
			defaultConfigurationIsVisible = 0;
			defaultConfigurationName = Release;
		};
/* End XCConfigurationList section */
	};
	rootObject = 8ACEB0DB29AA0AC30098DA82 /* Project object */;
}
